
Microsoft Visual Studio Solution File, Format Version 12.00
# Visual Studio Version 17
VisualStudioVersion = 17.13.35919.96
MinimumVisualStudioVersion = 10.0.40219.1
Project("{FAE04EC0-301F-11D3-BF4B-00C04F79EFBC}") = "tt_demo_api", "tt_demo_api\tt_demo_api.csproj", "{CAAA4EC2-2F13-4F2D-A35D-4D25A430C258}"
EndProject
Global
	GlobalSection(SolutionConfigurationPlatforms) = preSolution
		Debug|Any CPU = Debug|Any CPU
		Release|Any CPU = Release|Any CPU
	EndGlobalSection
	GlobalSection(ProjectConfigurationPlatforms) = postSolution
		{CAAA4EC2-2F13-4F2D-A35D-4D25A430C258}.Debug|Any CPU.ActiveCfg = Debug|Any CPU
		{CAAA4EC2-2F13-4F2D-A35D-4D25A430C258}.Debug|Any CPU.Build.0 = Debug|Any CPU
		{CAAA4EC2-2F13-4F2D-A35D-4D25A430C258}.Release|Any CPU.ActiveCfg = Release|Any CPU
		{CAAA4EC2-2F13-4F2D-A35D-4D25A430C258}.Release|Any CPU.Build.0 = Release|Any CPU
	EndGlobalSection
	GlobalSection(SolutionProperties) = preSolution
		HideSolutionNode = FALSE
	EndGlobalSection
	GlobalSection(ExtensibilityGlobals) = postSolution
		SolutionGuid = {298EC89A-EBFE-42F5-9137-5109343DEAF0}
	EndGlobalSection
EndGlobal
